
Microsoft Visual Studio Solution File, Format Version 12.00
# Visual Studio Version 17
VisualStudioVersion = 17.2.32602.215
MinimumVisualStudioVersion = 10.0.40219.1
Project("{FAE04EC0-301F-11D3-BF4B-00C04F79EFBC}") = "eShift", "eShift\eShift.csproj", "{BDE59268-8624-4C7F-964C-A01013A85CF8}"
EndProject
Global
	GlobalSection(SolutionConfigurationPlatforms) = preSolution
		Debug|Any CPU = Debug|Any CPU
		Release|Any CPU = Release|Any CPU
	EndGlobalSection
	GlobalSection(ProjectConfigurationPlatforms) = postSolution
		{BDE59268-8624-4C7F-964C-A01013A85CF8}.Debug|Any CPU.ActiveCfg = Debug|Any CPU
		{BDE59268-8624-4C7F-964C-A01013A85CF8}.Debug|Any CPU.Build.0 = Debug|Any CPU
		{BDE59268-8624-4C7F-964C-A01013A85CF8}.Release|Any CPU.ActiveCfg = Release|Any CPU
		{BDE59268-8624-4C7F-964C-A01013A85CF8}.Release|Any CPU.Build.0 = Release|Any CPU
	EndGlobalSection
	GlobalSection(SolutionProperties) = preSolution
		HideSolutionNode = FALSE
	EndGlobalSection
	GlobalSection(ExtensibilityGlobals) = postSolution
		SolutionGuid = {5C88547B-74C5-4E30-94CF-2535BEF8323F}
	EndGlobalSection
EndGlobal
